
Microsoft Visual Studio Solution File, Format Version 12.00
# Visual Studio Version 17
VisualStudioVersion = 17.14.36401.2 d17.14
MinimumVisualStudioVersion = 10.0.40219.1
Project("{54A90642-561A-4BB1-A94E-469ADEE60C69}") = "test-e.client", "test-e.client\test-e.client.esproj", "{7FBF1803-E55C-6A39-CDBF-A991CD43BE4F}"
EndProject
Project("{FAE04EC0-301F-11D3-BF4B-00C04F79EFBC}") = "Test-e.Server", "Test-e.Server\Test-e.Server.csproj", "{5F38C8A3-5ABB-4D41-BAA5-E4CA289006C6}"
EndProject
Global
	GlobalSection(SolutionConfigurationPlatforms) = preSolution
		Debug|Any CPU = Debug|Any CPU
		Release|Any CPU = Release|Any CPU
	EndGlobalSection
	GlobalSection(ProjectConfigurationPlatforms) = postSolution
		{7FBF1803-E55C-6A39-CDBF-A991CD43BE4F}.Debug|Any CPU.ActiveCfg = Debug|Any CPU
		{7FBF1803-E55C-6A39-CDBF-A991CD43BE4F}.Debug|Any CPU.Build.0 = Debug|Any CPU
		{7FBF1803-E55C-6A39-CDBF-A991CD43BE4F}.Debug|Any CPU.Deploy.0 = Debug|Any CPU
		{7FBF1803-E55C-6A39-CDBF-A991CD43BE4F}.Release|Any CPU.ActiveCfg = Release|Any CPU
		{7FBF1803-E55C-6A39-CDBF-A991CD43BE4F}.Release|Any CPU.Build.0 = Release|Any CPU
		{7FBF1803-E55C-6A39-CDBF-A991CD43BE4F}.Release|Any CPU.Deploy.0 = Release|Any CPU
		{5F38C8A3-5ABB-4D41-BAA5-E4CA289006C6}.Debug|Any CPU.ActiveCfg = Debug|Any CPU
		{5F38C8A3-5ABB-4D41-BAA5-E4CA289006C6}.Debug|Any CPU.Build.0 = Debug|Any CPU
		{5F38C8A3-5ABB-4D41-BAA5-E4CA289006C6}.Release|Any CPU.ActiveCfg = Release|Any CPU
		{5F38C8A3-5ABB-4D41-BAA5-E4CA289006C6}.Release|Any CPU.Build.0 = Release|Any CPU
	EndGlobalSection
	GlobalSection(SolutionProperties) = preSolution
		HideSolutionNode = FALSE
	EndGlobalSection
	GlobalSection(ExtensibilityGlobals) = postSolution
		SolutionGuid = {5EC6C856-0CC2-4577-B70B-065164CBE3C0}
	EndGlobalSection
EndGlobal
